
Microsoft Visual Studio Solution File, Format Version 12.00
# Visual Studio Version 16
VisualStudioVersion = 16.0.30128.74
MinimumVisualStudioVersion = 10.0.40219.1
Project("{9A19103F-16F7-4668-BE54-9A1E7A4F7556}") = "Log4netLogger", "Log4netLogger.csproj", "{6E2C473A-B96D-4C10-8986-9DF1C4D277EF}"
EndProject
Global
	GlobalSection(SolutionConfigurationPlatforms) = preSolution
		Debug|Any CPU = Debug|Any CPU
		Release|Any CPU = Release|Any CPU
	EndGlobalSection
	GlobalSection(ProjectConfigurationPlatforms) = postSolution
		{6E2C473A-B96D-4C10-8986-9DF1C4D277EF}.Debug|Any CPU.ActiveCfg = Debug|Any CPU
		{6E2C473A-B96D-4C10-8986-9DF1C4D277EF}.Debug|Any CPU.Build.0 = Debug|Any CPU
		{6E2C473A-B96D-4C10-8986-9DF1C4D277EF}.Release|Any CPU.ActiveCfg = Release|Any CPU
		{6E2C473A-B96D-4C10-8986-9DF1C4D277EF}.Release|Any CPU.Build.0 = Release|Any CPU
	EndGlobalSection
	GlobalSection(SolutionProperties) = preSolution
		HideSolutionNode = FALSE
	EndGlobalSection
	GlobalSection(ExtensibilityGlobals) = postSolution
		SolutionGuid = {82AB381E-62A9-4D79-AB18-0268B359237A}
	EndGlobalSection
EndGlobal
